
Microsoft Visual Studio Solution File, Format Version 12.00
# Visual Studio Version 17
VisualStudioVersion = 17.0.32014.148
MinimumVisualStudioVersion = 10.0.40219.1
Project("{2150E333-8FDC-42A3-9474-1A3956D46DE8}") = "Playground", "Playground", "{FAC89286-6F2B-49B9-B830-86BEC8E44B20}"
EndProject
Project("{FAE04EC0-301F-11D3-BF4B-00C04F79EFBC}") = "Framework.Playground.Console", "Framework.Playground.Console\Framework.Playground.Console.csproj", "{0ADACECC-F6A4-4F05-B207-EAE01CD999BE}"
EndProject
Project("{FAE04EC0-301F-11D3-BF4B-00C04F79EFBC}") = "Framework.Core", "Framework.Core\Framework.Core.csproj", "{4FAE12DE-4564-4BE8-943C-DF6D2251F2F5}"
EndProject
Project("{FAE04EC0-301F-11D3-BF4B-00C04F79EFBC}") = "Framework.Logging", "Framework.Logging\Framework.Logging.csproj", "{AE4ED13F-3D2C-4E37-B35F-2037136398F4}"
EndProject
Project("{FAE04EC0-301F-11D3-BF4B-00C04F79EFBC}") = "Framework.Logging.Console", "Framework.Logging.Console\Framework.Logging.Console.csproj", "{AB0A96AD-7115-4466-A6F1-5155DCB4295C}"
EndProject
Project("{FAE04EC0-301F-11D3-BF4B-00C04F79EFBC}") = "Framework.Logging.Elastic", "Framework.Logging.Elastic\Framework.Logging.Elastic.csproj", "{7E8E91E9-3582-4564-9560-22E7AC24E7E4}"
EndProject
Global
	GlobalSection(SolutionConfigurationPlatforms) = preSolution
		Debug|Any CPU = Debug|Any CPU
		Release|Any CPU = Release|Any CPU
	EndGlobalSection
	GlobalSection(ProjectConfigurationPlatforms) = postSolution
		{0ADACECC-F6A4-4F05-B207-EAE01CD999BE}.Debug|Any CPU.ActiveCfg = Debug|Any CPU
		{0ADACECC-F6A4-4F05-B207-EAE01CD999BE}.Debug|Any CPU.Build.0 = Debug|Any CPU
		{0ADACECC-F6A4-4F05-B207-EAE01CD999BE}.Release|Any CPU.ActiveCfg = Release|Any CPU
		{0ADACECC-F6A4-4F05-B207-EAE01CD999BE}.Release|Any CPU.Build.0 = Release|Any CPU
		{4FAE12DE-4564-4BE8-943C-DF6D2251F2F5}.Debug|Any CPU.ActiveCfg = Debug|Any CPU
		{4FAE12DE-4564-4BE8-943C-DF6D2251F2F5}.Debug|Any CPU.Build.0 = Debug|Any CPU
		{4FAE12DE-4564-4BE8-943C-DF6D2251F2F5}.Release|Any CPU.ActiveCfg = Release|Any CPU
		{4FAE12DE-4564-4BE8-943C-DF6D2251F2F5}.Release|Any CPU.Build.0 = Release|Any CPU
		{AE4ED13F-3D2C-4E37-B35F-2037136398F4}.Debug|Any CPU.ActiveCfg = Debug|Any CPU
		{AE4ED13F-3D2C-4E37-B35F-2037136398F4}.Debug|Any CPU.Build.0 = Debug|Any CPU
		{AE4ED13F-3D2C-4E37-B35F-2037136398F4}.Release|Any CPU.ActiveCfg = Release|Any CPU
		{AE4ED13F-3D2C-4E37-B35F-2037136398F4}.Release|Any CPU.Build.0 = Release|Any CPU
		{AB0A96AD-7115-4466-A6F1-5155DCB4295C}.Debug|Any CPU.ActiveCfg = Debug|Any CPU
		{AB0A96AD-7115-4466-A6F1-5155DCB4295C}.Debug|Any CPU.Build.0 = Debug|Any CPU
		{AB0A96AD-7115-4466-A6F1-5155DCB4295C}.Release|Any CPU.ActiveCfg = Release|Any CPU
		{AB0A96AD-7115-4466-A6F1-5155DCB4295C}.Release|Any CPU.Build.0 = Release|Any CPU
		{7E8E91E9-3582-4564-9560-22E7AC24E7E4}.Debug|Any CPU.ActiveCfg = Debug|Any CPU
		{7E8E91E9-3582-4564-9560-22E7AC24E7E4}.Debug|Any CPU.Build.0 = Debug|Any CPU
		{7E8E91E9-3582-4564-9560-22E7AC24E7E4}.Release|Any CPU.ActiveCfg = Release|Any CPU
		{7E8E91E9-3582-4564-9560-22E7AC24E7E4}.Release|Any CPU.Build.0 = Release|Any CPU
	EndGlobalSection
	GlobalSection(SolutionProperties) = preSolution
		HideSolutionNode = FALSE
	EndGlobalSection
	GlobalSection(NestedProjects) = preSolution
		{0ADACECC-F6A4-4F05-B207-EAE01CD999BE} = {FAC89286-6F2B-49B9-B830-86BEC8E44B20}
	EndGlobalSection
	GlobalSection(ExtensibilityGlobals) = postSolution
		SolutionGuid = {076400D3-8024-425B-B46C-C00836A9AFDD}
	EndGlobalSection
EndGlobal
